// !$*UTF8*$!
{
	archiveVersion = 1;
	classes = {
	};
	objectVersion = 50;
	objects = {

/* Begin PBXBuildFile section */
		2E6E8C50A938850E9F362E09 /* Pods_VentivaderTests.framework in Frameworks */ = {isa = PBXBuildFile; fileRef = 5804350A7961552154493C2D /* Pods_VentivaderTests.framework */; };
		3BA067C24AC6CAB9BDABBD8B /* Pods_Ventivader.framework in Frameworks */ = {isa = PBXBuildFile; fileRef = AFE1A668078A3C75C484D31D /* Pods_Ventivader.framework */; };
		BA5DEB5424374C9C006A6BB8 /* AppDelegate.swift in Sources */ = {isa = PBXBuildFile; fileRef = BA5DEB5324374C9C006A6BB8 /* AppDelegate.swift */; };
		BA5DEB5624374C9C006A6BB8 /* VentivaderViewController.swift in Sources */ = {isa = PBXBuildFile; fileRef = BA5DEB5524374C9C006A6BB8 /* VentivaderViewController.swift */; };
		BA5DEB5924374C9C006A6BB8 /* Main.storyboard in Resources */ = {isa = PBXBuildFile; fileRef = BA5DEB5724374C9C006A6BB8 /* Main.storyboard */; };
		BA5DEB5B24374C9F006A6BB8 /* Assets.xcassets in Resources */ = {isa = PBXBuildFile; fileRef = BA5DEB5A24374C9F006A6BB8 /* Assets.xcassets */; };
		BA5DEB5E24374C9F006A6BB8 /* LaunchScreen.storyboard in Resources */ = {isa = PBXBuildFile; fileRef = BA5DEB5C24374C9F006A6BB8 /* LaunchScreen.storyboard */; };
		BA5DEB6924374C9F006A6BB8 /* VentivaderTests.swift in Sources */ = {isa = PBXBuildFile; fileRef = BA5DEB6824374C9F006A6BB8 /* VentivaderTests.swift */; };
		D32627E8243A385C00CB212A /* VentilatorParametersManager.swift in Sources */ = {isa = PBXBuildFile; fileRef = D32627E7243A385C00CB212A /* VentilatorParametersManager.swift */; };
		D32627EA243A3C3800CB212A /* UpdateVentilatorParametersViewModel.swift in Sources */ = {isa = PBXBuildFile; fileRef = D32627E9243A3C3800CB212A /* UpdateVentilatorParametersViewModel.swift */; };
		D32627EC243A468400CB212A /* BaseVC.swift in Sources */ = {isa = PBXBuildFile; fileRef = D32627EB243A468400CB212A /* BaseVC.swift */; };
		D35F4DF824393FA60001FC88 /* VentilatorControlPanelViewController.swift in Sources */ = {isa = PBXBuildFile; fileRef = D35F4DF724393FA60001FC88 /* VentilatorControlPanelViewController.swift */; };
		D35F4DFB243944D50001FC88 /* VentilatorControlPanelViewModel.swift in Sources */ = {isa = PBXBuildFile; fileRef = D35F4DFA243944D50001FC88 /* VentilatorControlPanelViewModel.swift */; };
		D35F4DFD243949E80001FC88 /* VentilatorParameterTileView.swift in Sources */ = {isa = PBXBuildFile; fileRef = D35F4DFC243949E80001FC88 /* VentilatorParameterTileView.swift */; };
		D35F4DFF24395A310001FC88 /* VentilatorParameterTileView.xib in Resources */ = {isa = PBXBuildFile; fileRef = D35F4DFE24395A310001FC88 /* VentilatorParameterTileView.xib */; };
		D35F4E01243971BC0001FC88 /* VentilatorStatusView.swift in Sources */ = {isa = PBXBuildFile; fileRef = D35F4E00243971BC0001FC88 /* VentilatorStatusView.swift */; };
		D35F4E07243972000001FC88 /* VentilatorStatusView.xib in Resources */ = {isa = PBXBuildFile; fileRef = D35F4E06243972000001FC88 /* VentilatorStatusView.xib */; };
		D35F4E0924398B940001FC88 /* UpdateVentilatorParametersViewController.swift in Sources */ = {isa = PBXBuildFile; fileRef = D35F4E0824398B940001FC88 /* UpdateVentilatorParametersViewController.swift */; };
		D35F4E0B24398D2C0001FC88 /* ParameterFieldView.swift in Sources */ = {isa = PBXBuildFile; fileRef = D35F4E0A24398D2C0001FC88 /* ParameterFieldView.swift */; };
		D35F4E0D24398D560001FC88 /* ParameterFieldView.xib in Resources */ = {isa = PBXBuildFile; fileRef = D35F4E0C24398D560001FC88 /* ParameterFieldView.xib */; };
		D3B5131C243A7EBB00117C2C /* ConnectingBLEViewController.swift in Sources */ = {isa = PBXBuildFile; fileRef = D3B5131B243A7EBB00117C2C /* ConnectingBLEViewController.swift */; };
		D3B5131F243A815A00117C2C /* bleConnectingAnimation.gif in Resources */ = {isa = PBXBuildFile; fileRef = D3B5131E243A815A00117C2C /* bleConnectingAnimation.gif */; };
/* End PBXBuildFile section */

/* Begin PBXContainerItemProxy section */
		BA5DEB6524374C9F006A6BB8 /* PBXContainerItemProxy */ = {
			isa = PBXContainerItemProxy;
			containerPortal = BA5DEB4824374C9C006A6BB8 /* Project object */;
			proxyType = 1;
			remoteGlobalIDString = BA5DEB4F24374C9C006A6BB8;
			remoteInfo = Ventivader;
		};
/* End PBXContainerItemProxy section */

/* Begin PBXFileReference section */
		2A5044DD0588C01F4A3195C6 /* Pods-Ventivader.release.xcconfig */ = {isa = PBXFileReference; includeInIndex = 1; lastKnownFileType = text.xcconfig; name = "Pods-Ventivader.release.xcconfig"; path = "Pods/Target Support Files/Pods-Ventivader/Pods-Ventivader.release.xcconfig"; sourceTree = "<group>"; };
		3F3A277B319484632BB8E2A3 /* Pods-Ventivader.debug.xcconfig */ = {isa = PBXFileReference; includeInIndex = 1; lastKnownFileType = text.xcconfig; name = "Pods-Ventivader.debug.xcconfig"; path = "Pods/Target Support Files/Pods-Ventivader/Pods-Ventivader.debug.xcconfig"; sourceTree = "<group>"; };
		5804350A7961552154493C2D /* Pods_VentivaderTests.framework */ = {isa = PBXFileReference; explicitFileType = wrapper.framework; includeInIndex = 0; path = Pods_VentivaderTests.framework; sourceTree = BUILT_PRODUCTS_DIR; };
		AFE1A668078A3C75C484D31D /* Pods_Ventivader.framework */ = {isa = PBXFileReference; explicitFileType = wrapper.framework; includeInIndex = 0; path = Pods_Ventivader.framework; sourceTree = BUILT_PRODUCTS_DIR; };
		BA5DEB5024374C9C006A6BB8 /* Ventivader.app */ = {isa = PBXFileReference; explicitFileType = wrapper.application; includeInIndex = 0; path = Ventivader.app; sourceTree = BUILT_PRODUCTS_DIR; };
		BA5DEB5324374C9C006A6BB8 /* AppDelegate.swift */ = {isa = PBXFileReference; lastKnownFileType = sourcecode.swift; path = AppDelegate.swift; sourceTree = "<group>"; };
		BA5DEB5524374C9C006A6BB8 /* VentivaderViewController.swift */ = {isa = PBXFileReference; lastKnownFileType = sourcecode.swift; path = VentivaderViewController.swift; sourceTree = "<group>"; };
		BA5DEB5824374C9C006A6BB8 /* Base */ = {isa = PBXFileReference; lastKnownFileType = file.storyboard; name = Base; path = Base.lproj/Main.storyboard; sourceTree = "<group>"; };
		BA5DEB5A24374C9F006A6BB8 /* Assets.xcassets */ = {isa = PBXFileReference; lastKnownFileType = folder.assetcatalog; path = Assets.xcassets; sourceTree = "<group>"; };
		BA5DEB5D24374C9F006A6BB8 /* Base */ = {isa = PBXFileReference; lastKnownFileType = file.storyboard; name = Base; path = Base.lproj/LaunchScreen.storyboard; sourceTree = "<group>"; };
		BA5DEB5F24374C9F006A6BB8 /* Info.plist */ = {isa = PBXFileReference; lastKnownFileType = text.plist.xml; path = Info.plist; sourceTree = "<group>"; };
		BA5DEB6424374C9F006A6BB8 /* VentivaderTests.xctest */ = {isa = PBXFileReference; explicitFileType = wrapper.cfbundle; includeInIndex = 0; path = VentivaderTests.xctest; sourceTree = BUILT_PRODUCTS_DIR; };
		BA5DEB6824374C9F006A6BB8 /* VentivaderTests.swift */ = {isa = PBXFileReference; lastKnownFileType = sourcecode.swift; path = VentivaderTests.swift; sourceTree = "<group>"; };
		BA5DEB6A24374C9F006A6BB8 /* Info.plist */ = {isa = PBXFileReference; lastKnownFileType = text.plist.xml; path = Info.plist; sourceTree = "<group>"; };
		D32627E7243A385C00CB212A /* VentilatorParametersManager.swift */ = {isa = PBXFileReference; lastKnownFileType = sourcecode.swift; path = VentilatorParametersManager.swift; sourceTree = "<group>"; };
		D32627E9243A3C3800CB212A /* UpdateVentilatorParametersViewModel.swift */ = {isa = PBXFileReference; lastKnownFileType = sourcecode.swift; path = UpdateVentilatorParametersViewModel.swift; sourceTree = "<group>"; };
		D32627EB243A468400CB212A /* BaseVC.swift */ = {isa = PBXFileReference; lastKnownFileType = sourcecode.swift; path = BaseVC.swift; sourceTree = "<group>"; };
		D35F4DF724393FA60001FC88 /* VentilatorControlPanelViewController.swift */ = {isa = PBXFileReference; lastKnownFileType = sourcecode.swift; path = VentilatorControlPanelViewController.swift; sourceTree = "<group>"; };
		D35F4DFA243944D50001FC88 /* VentilatorControlPanelViewModel.swift */ = {isa = PBXFileReference; lastKnownFileType = sourcecode.swift; path = VentilatorControlPanelViewModel.swift; sourceTree = "<group>"; };
		D35F4DFC243949E80001FC88 /* VentilatorParameterTileView.swift */ = {isa = PBXFileReference; lastKnownFileType = sourcecode.swift; name = VentilatorParameterTileView.swift; path = Ventivader/ViewModels/VentilatorParameterTileView.swift; sourceTree = SOURCE_ROOT; };
		D35F4DFE24395A310001FC88 /* VentilatorParameterTileView.xib */ = {isa = PBXFileReference; lastKnownFileType = file.xib; name = VentilatorParameterTileView.xib; path = Ventivader/ViewModels/VentilatorParameterTileView.xib; sourceTree = SOURCE_ROOT; };
		D35F4E00243971BC0001FC88 /* VentilatorStatusView.swift */ = {isa = PBXFileReference; lastKnownFileType = sourcecode.swift; name = VentilatorStatusView.swift; path = Ventivader/ViewModels/VentilatorStatusView.swift; sourceTree = SOURCE_ROOT; };
		D35F4E06243972000001FC88 /* VentilatorStatusView.xib */ = {isa = PBXFileReference; lastKnownFileType = file.xib; name = VentilatorStatusView.xib; path = Ventivader/ViewModels/VentilatorStatusView.xib; sourceTree = SOURCE_ROOT; };
		D35F4E0824398B940001FC88 /* UpdateVentilatorParametersViewController.swift */ = {isa = PBXFileReference; lastKnownFileType = sourcecode.swift; path = UpdateVentilatorParametersViewController.swift; sourceTree = "<group>"; };
		D35F4E0A24398D2C0001FC88 /* ParameterFieldView.swift */ = {isa = PBXFileReference; lastKnownFileType = sourcecode.swift; name = ParameterFieldView.swift; path = Ventivader/ViewModels/ParameterFieldView.swift; sourceTree = SOURCE_ROOT; };
		D35F4E0C24398D560001FC88 /* ParameterFieldView.xib */ = {isa = PBXFileReference; lastKnownFileType = file.xib; path = ParameterFieldView.xib; sourceTree = SOURCE_ROOT; };
		D3B5131B243A7EBB00117C2C /* ConnectingBLEViewController.swift */ = {isa = PBXFileReference; lastKnownFileType = sourcecode.swift; path = ConnectingBLEViewController.swift; sourceTree = "<group>"; };
		D3B5131E243A815A00117C2C /* bleConnectingAnimation.gif */ = {isa = PBXFileReference; lastKnownFileType = image.gif; path = bleConnectingAnimation.gif; sourceTree = "<group>"; };
		EE0842B19478DF756AD78A19 /* Pods-VentivaderTests.debug.xcconfig */ = {isa = PBXFileReference; includeInIndex = 1; lastKnownFileType = text.xcconfig; name = "Pods-VentivaderTests.debug.xcconfig"; path = "Pods/Target Support Files/Pods-VentivaderTests/Pods-VentivaderTests.debug.xcconfig"; sourceTree = "<group>"; };
		F7B7BCEF53F51C3168841604 /* Pods-VentivaderTests.release.xcconfig */ = {isa = PBXFileReference; includeInIndex = 1; lastKnownFileType = text.xcconfig; name = "Pods-VentivaderTests.release.xcconfig"; path = "Pods/Target Support Files/Pods-VentivaderTests/Pods-VentivaderTests.release.xcconfig"; sourceTree = "<group>"; };
/* End PBXFileReference section */

/* Begin PBXFrameworksBuildPhase section */
		BA5DEB4D24374C9C006A6BB8 /* Frameworks */ = {
			isa = PBXFrameworksBuildPhase;
			buildActionMask = 2147483647;
			files = (
				3BA067C24AC6CAB9BDABBD8B /* Pods_Ventivader.framework in Frameworks */,
			);
			runOnlyForDeploymentPostprocessing = 0;
		};
		BA5DEB6124374C9F006A6BB8 /* Frameworks */ = {
			isa = PBXFrameworksBuildPhase;
			buildActionMask = 2147483647;
			files = (
				2E6E8C50A938850E9F362E09 /* Pods_VentivaderTests.framework in Frameworks */,
			);
			runOnlyForDeploymentPostprocessing = 0;
		};
/* End PBXFrameworksBuildPhase section */

/* Begin PBXGroup section */
		157AA38DFB6194551CB72D12 /* Frameworks */ = {
			isa = PBXGroup;
			children = (
				AFE1A668078A3C75C484D31D /* Pods_Ventivader.framework */,
				5804350A7961552154493C2D /* Pods_VentivaderTests.framework */,
			);
			name = Frameworks;
			sourceTree = "<group>";
		};
		8A8E6C7EE12F7B6F9FADA78C /* Pods */ = {
			isa = PBXGroup;
			children = (
				3F3A277B319484632BB8E2A3 /* Pods-Ventivader.debug.xcconfig */,
				2A5044DD0588C01F4A3195C6 /* Pods-Ventivader.release.xcconfig */,
				EE0842B19478DF756AD78A19 /* Pods-VentivaderTests.debug.xcconfig */,
				F7B7BCEF53F51C3168841604 /* Pods-VentivaderTests.release.xcconfig */,
			);
			name = Pods;
			sourceTree = "<group>";
		};
		BA5DEB4724374C9C006A6BB8 = {
			isa = PBXGroup;
			children = (
				BA5DEB5224374C9C006A6BB8 /* Ventivader */,
				BA5DEB6724374C9F006A6BB8 /* VentivaderTests */,
				BA5DEB5124374C9C006A6BB8 /* Products */,
				8A8E6C7EE12F7B6F9FADA78C /* Pods */,
				157AA38DFB6194551CB72D12 /* Frameworks */,
			);
			sourceTree = "<group>";
		};
		BA5DEB5124374C9C006A6BB8 /* Products */ = {
			isa = PBXGroup;
			children = (
				BA5DEB5024374C9C006A6BB8 /* Ventivader.app */,
				BA5DEB6424374C9F006A6BB8 /* VentivaderTests.xctest */,
			);
			name = Products;
			sourceTree = "<group>";
		};
		BA5DEB5224374C9C006A6BB8 /* Ventivader */ = {
			isa = PBXGroup;
			children = (
				BA5DEB5F24374C9F006A6BB8 /* Info.plist */,
				BA5DEB5324374C9C006A6BB8 /* AppDelegate.swift */,
				BA5DEB7B24375EEC006A6BB8 /* Resources */,
				BA5DEB7A24375ED5006A6BB8 /* Storyboards */,
				BA5DEB7624375E6D006A6BB8 /* Managers */,
				D35F4DF9243944830001FC88 /* ViewModels */,
				BA5DEB7724375E77006A6BB8 /* Services */,
				BA5DEB7424375E49006A6BB8 /* ViewControllers */,
				BA5DEB7324375E39006A6BB8 /* Views */,
				BA5DEB7924375E98006A6BB8 /* Utilities */,
			);
			path = Ventivader;
			sourceTree = "<group>";
		};
		BA5DEB6724374C9F006A6BB8 /* VentivaderTests */ = {
			isa = PBXGroup;
			children = (
				BA5DEB6824374C9F006A6BB8 /* VentivaderTests.swift */,
				BA5DEB6A24374C9F006A6BB8 /* Info.plist */,
			);
			path = VentivaderTests;
			sourceTree = "<group>";
		};
		BA5DEB7324375E39006A6BB8 /* Views */ = {
			isa = PBXGroup;
			children = (
				D35F4DFC243949E80001FC88 /* VentilatorParameterTileView.swift */,
				D35F4DFE24395A310001FC88 /* VentilatorParameterTileView.xib */,
				D35F4E00243971BC0001FC88 /* VentilatorStatusView.swift */,
				D35F4E06243972000001FC88 /* VentilatorStatusView.xib */,
				D35F4E0A24398D2C0001FC88 /* ParameterFieldView.swift */,
				D35F4E0C24398D560001FC88 /* ParameterFieldView.xib */,
			);
			path = Views;
			sourceTree = "<group>";
		};
		BA5DEB7424375E49006A6BB8 /* ViewControllers */ = {
			isa = PBXGroup;
			children = (
				BA5DEB5524374C9C006A6BB8 /* VentivaderViewController.swift */,
				D35F4DF724393FA60001FC88 /* VentilatorControlPanelViewController.swift */,
				D35F4E0824398B940001FC88 /* UpdateVentilatorParametersViewController.swift */,
				D32627EB243A468400CB212A /* BaseVC.swift */,
				D3B5131B243A7EBB00117C2C /* ConnectingBLEViewController.swift */,
			);
			path = ViewControllers;
			sourceTree = "<group>";
		};
		BA5DEB7624375E6D006A6BB8 /* Managers */ = {
			isa = PBXGroup;
			children = (
				D32627E7243A385C00CB212A /* VentilatorParametersManager.swift */,
			);
			path = Managers;
			sourceTree = "<group>";
		};
		BA5DEB7724375E77006A6BB8 /* Services */ = {
			isa = PBXGroup;
			children = (
			);
			path = Services;
			sourceTree = "<group>";
		};
		BA5DEB7924375E98006A6BB8 /* Utilities */ = {
			isa = PBXGroup;
			children = (
			);
			path = Utilities;
			sourceTree = "<group>";
		};
		BA5DEB7A24375ED5006A6BB8 /* Storyboards */ = {
			isa = PBXGroup;
			children = (
				BA5DEB5724374C9C006A6BB8 /* Main.storyboard */,
				BA5DEB5C24374C9F006A6BB8 /* LaunchScreen.storyboard */,
			);
			path = Storyboards;
			sourceTree = "<group>";
		};
		BA5DEB7B24375EEC006A6BB8 /* Resources */ = {
			isa = PBXGroup;
			children = (
				D3B5131D243A7F8500117C2C /* Animations */,
				BA5DEB5A24374C9F006A6BB8 /* Assets.xcassets */,
			);
			path = Resources;
			sourceTree = "<group>";
		};
		D35F4DF9243944830001FC88 /* ViewModels */ = {
			isa = PBXGroup;
			children = (
				D35F4DFA243944D50001FC88 /* VentilatorControlPanelViewModel.swift */,
				D32627E9243A3C3800CB212A /* UpdateVentilatorParametersViewModel.swift */,
			);
			path = ViewModels;
			sourceTree = "<group>";
		};
		D3B5131D243A7F8500117C2C /* Animations */ = {
			isa = PBXGroup;
			children = (
				D3B5131E243A815A00117C2C /* bleConnectingAnimation.gif */,
			);
			path = Animations;
			sourceTree = "<group>";
		};
/* End PBXGroup section */

/* Begin PBXNativeTarget section */
		BA5DEB4F24374C9C006A6BB8 /* Ventivader */ = {
			isa = PBXNativeTarget;
			buildConfigurationList = BA5DEB6D24374C9F006A6BB8 /* Build configuration list for PBXNativeTarget "Ventivader" */;
			buildPhases = (
				1A0E535ED780E23B5EEB1029 /* [CP] Check Pods Manifest.lock */,
				BA5DEB4C24374C9C006A6BB8 /* Sources */,
				BA5DEB4D24374C9C006A6BB8 /* Frameworks */,
				BA5DEB4E24374C9C006A6BB8 /* Resources */,
				D150260F4D54D17328CF7CE4 /* [CP] Embed Pods Frameworks */,
			);
			buildRules = (
			);
			dependencies = (
			);
			name = Ventivader;
			productName = Ventivader;
			productReference = BA5DEB5024374C9C006A6BB8 /* Ventivader.app */;
			productType = "com.apple.product-type.application";
		};
		BA5DEB6324374C9F006A6BB8 /* VentivaderTests */ = {
			isa = PBXNativeTarget;
			buildConfigurationList = BA5DEB7024374C9F006A6BB8 /* Build configuration list for PBXNativeTarget "VentivaderTests" */;
			buildPhases = (
				F7FA8D7ED3BDE7E63F27F2A1 /* [CP] Check Pods Manifest.lock */,
				BA5DEB6024374C9F006A6BB8 /* Sources */,
				BA5DEB6124374C9F006A6BB8 /* Frameworks */,
				BA5DEB6224374C9F006A6BB8 /* Resources */,
			);
			buildRules = (
			);
			dependencies = (
				BA5DEB6624374C9F006A6BB8 /* PBXTargetDependency */,
			);
			name = VentivaderTests;
			productName = VentivaderTests;
			productReference = BA5DEB6424374C9F006A6BB8 /* VentivaderTests.xctest */;
			productType = "com.apple.product-type.bundle.unit-test";
		};
/* End PBXNativeTarget section */

/* Begin PBXProject section */
		BA5DEB4824374C9C006A6BB8 /* Project object */ = {
			isa = PBXProject;
			attributes = {
				LastSwiftUpdateCheck = 1010;
				LastUpgradeCheck = 1010;
				ORGANIZATIONNAME = calculator;
				TargetAttributes = {
					BA5DEB4F24374C9C006A6BB8 = {
						CreatedOnToolsVersion = 10.1;
					};
					BA5DEB6324374C9F006A6BB8 = {
						CreatedOnToolsVersion = 10.1;
						TestTargetID = BA5DEB4F24374C9C006A6BB8;
					};
				};
			};
			buildConfigurationList = BA5DEB4B24374C9C006A6BB8 /* Build configuration list for PBXProject "Ventivader" */;
			compatibilityVersion = "Xcode 9.3";
			developmentRegion = en;
			hasScannedForEncodings = 0;
			knownRegions = (
				en,
				Base,
			);
			mainGroup = BA5DEB4724374C9C006A6BB8;
			productRefGroup = BA5DEB5124374C9C006A6BB8 /* Products */;
			projectDirPath = "";
			projectRoot = "";
			targets = (
				BA5DEB4F24374C9C006A6BB8 /* Ventivader */,
				BA5DEB6324374C9F006A6BB8 /* VentivaderTests */,
			);
		};
/* End PBXProject section */

/* Begin PBXResourcesBuildPhase section */
		BA5DEB4E24374C9C006A6BB8 /* Resources */ = {
			isa = PBXResourcesBuildPhase;
			buildActionMask = 2147483647;
			files = (
				BA5DEB5E24374C9F006A6BB8 /* LaunchScreen.storyboard in Resources */,
				D35F4E0D24398D560001FC88 /* ParameterFieldView.xib in Resources */,
				BA5DEB5B24374C9F006A6BB8 /* Assets.xcassets in Resources */,
				D35F4DFF24395A310001FC88 /* VentilatorParameterTileView.xib in Resources */,
				D35F4E07243972000001FC88 /* VentilatorStatusView.xib in Resources */,
				D3B5131F243A815A00117C2C /* bleConnectingAnimation.gif in Resources */,
				BA5DEB5924374C9C006A6BB8 /* Main.storyboard in Resources */,
			);
			runOnlyForDeploymentPostprocessing = 0;
		};
		BA5DEB6224374C9F006A6BB8 /* Resources */ = {
			isa = PBXResourcesBuildPhase;
			buildActionMask = 2147483647;
			files = (
			);
			runOnlyForDeploymentPostprocessing = 0;
		};
/* End PBXResourcesBuildPhase section */

/* Begin PBXShellScriptBuildPhase section */
		1A0E535ED780E23B5EEB1029 /* [CP] Check Pods Manifest.lock */ = {
			isa = PBXShellScriptBuildPhase;
			buildActionMask = 2147483647;
			files = (
			);
			inputPaths = (
				"${PODS_PODFILE_DIR_PATH}/Podfile.lock",
				"${PODS_ROOT}/Manifest.lock",
			);
			name = "[CP] Check Pods Manifest.lock";
			outputPaths = (
				"$(DERIVED_FILE_DIR)/Pods-Ventivader-checkManifestLockResult.txt",
			);
			runOnlyForDeploymentPostprocessing = 0;
			shellPath = /bin/sh;
			shellScript = "diff \"${PODS_PODFILE_DIR_PATH}/Podfile.lock\" \"${PODS_ROOT}/Manifest.lock\" > /dev/null\nif [ $? != 0 ] ; then\n    # print error to STDERR\n    echo \"error: The sandbox is not in sync with the Podfile.lock. Run 'pod install' or update your CocoaPods installation.\" >&2\n    exit 1\nfi\n# This output is used by Xcode 'outputs' to avoid re-running this script phase.\necho \"SUCCESS\" > \"${SCRIPT_OUTPUT_FILE_0}\"\n";
			showEnvVarsInLog = 0;
		};
		D150260F4D54D17328CF7CE4 /* [CP] Embed Pods Frameworks */ = {
			isa = PBXShellScriptBuildPhase;
			buildActionMask = 2147483647;
			files = (
			);
			inputPaths = (
				"${SRCROOT}/Pods/Target Support Files/Pods-Ventivader/Pods-Ventivader-frameworks.sh",
				"${BUILT_PRODUCTS_DIR}/IQKeyboardManagerSwift/IQKeyboardManagerSwift.framework",
				"${BUILT_PRODUCTS_DIR}/SwiftGifOrigin/SwiftGifOrigin.framework",
			);
			name = "[CP] Embed Pods Frameworks";
			outputPaths = (
				"${TARGET_BUILD_DIR}/${FRAMEWORKS_FOLDER_PATH}/IQKeyboardManagerSwift.framework",
				"${TARGET_BUILD_DIR}/${FRAMEWORKS_FOLDER_PATH}/SwiftGifOrigin.framework",
			);
			runOnlyForDeploymentPostprocessing = 0;
			shellPath = /bin/sh;
			shellScript = "\"${SRCROOT}/Pods/Target Support Files/Pods-Ventivader/Pods-Ventivader-frameworks.sh\"\n";
			showEnvVarsInLog = 0;
		};
		F7FA8D7ED3BDE7E63F27F2A1 /* [CP] Check Pods Manifest.lock */ = {
			isa = PBXShellScriptBuildPhase;
			buildActionMask = 2147483647;
			files = (
			);
			inputPaths = (
				"${PODS_PODFILE_DIR_PATH}/Podfile.lock",
				"${PODS_ROOT}/Manifest.lock",
			);
			name = "[CP] Check Pods Manifest.lock";
			outputPaths = (
				"$(DERIVED_FILE_DIR)/Pods-VentivaderTests-checkManifestLockResult.txt",
			);
			runOnlyForDeploymentPostprocessing = 0;
			shellPath = /bin/sh;
			shellScript = "diff \"${PODS_PODFILE_DIR_PATH}/Podfile.lock\" \"${PODS_ROOT}/Manifest.lock\" > /dev/null\nif [ $? != 0 ] ; then\n    # print error to STDERR\n    echo \"error: The sandbox is not in sync with the Podfile.lock. Run 'pod install' or update your CocoaPods installation.\" >&2\n    exit 1\nfi\n# This output is used by Xcode 'outputs' to avoid re-running this script phase.\necho \"SUCCESS\" > \"${SCRIPT_OUTPUT_FILE_0}\"\n";
			showEnvVarsInLog = 0;
		};
/* End PBXShellScriptBuildPhase section */

/* Begin PBXSourcesBuildPhase section */
		BA5DEB4C24374C9C006A6BB8 /* Sources */ = {
			isa = PBXSourcesBuildPhase;
			buildActionMask = 2147483647;
			files = (
				D35F4DF824393FA60001FC88 /* VentilatorControlPanelViewController.swift in Sources */,
				D32627EC243A468400CB212A /* BaseVC.swift in Sources */,
				D35F4E0924398B940001FC88 /* UpdateVentilatorParametersViewController.swift in Sources */,
				D35F4DFB243944D50001FC88 /* VentilatorControlPanelViewModel.swift in Sources */,
				D35F4E0B24398D2C0001FC88 /* ParameterFieldView.swift in Sources */,
				BA5DEB5624374C9C006A6BB8 /* VentivaderViewController.swift in Sources */,
				D32627EA243A3C3800CB212A /* UpdateVentilatorParametersViewModel.swift in Sources */,
				D32627E8243A385C00CB212A /* VentilatorParametersManager.swift in Sources */,
				BA5DEB5424374C9C006A6BB8 /* AppDelegate.swift in Sources */,
				D35F4E01243971BC0001FC88 /* VentilatorStatusView.swift in Sources */,
				D3B5131C243A7EBB00117C2C /* ConnectingBLEViewController.swift in Sources */,
				D35F4DFD243949E80001FC88 /* VentilatorParameterTileView.swift in Sources */,
			);
			runOnlyForDeploymentPostprocessing = 0;
		};
		BA5DEB6024374C9F006A6BB8 /* Sources */ = {
			isa = PBXSourcesBuildPhase;
			buildActionMask = 2147483647;
			files = (
				BA5DEB6924374C9F006A6BB8 /* VentivaderTests.swift in Sources */,
			);
			runOnlyForDeploymentPostprocessing = 0;
		};
/* End PBXSourcesBuildPhase section */

/* Begin PBXTargetDependency section */
		BA5DEB6624374C9F006A6BB8 /* PBXTargetDependency */ = {
			isa = PBXTargetDependency;
			target = BA5DEB4F24374C9C006A6BB8 /* Ventivader */;
			targetProxy = BA5DEB6524374C9F006A6BB8 /* PBXContainerItemProxy */;
		};
/* End PBXTargetDependency section */

/* Begin PBXVariantGroup section */
		BA5DEB5724374C9C006A6BB8 /* Main.storyboard */ = {
			isa = PBXVariantGroup;
			children = (
				BA5DEB5824374C9C006A6BB8 /* Base */,
			);
			name = Main.storyboard;
			sourceTree = "<group>";
		};
		BA5DEB5C24374C9F006A6BB8 /* LaunchScreen.storyboard */ = {
			isa = PBXVariantGroup;
			children = (
				BA5DEB5D24374C9F006A6BB8 /* Base */,
			);
			name = LaunchScreen.storyboard;
			sourceTree = "<group>";
		};
/* End PBXVariantGroup section */

/* Begin XCBuildConfiguration section */
		BA5DEB6B24374C9F006A6BB8 /* Debug */ = {
			isa = XCBuildConfiguration;
			buildSettings = {
				ALWAYS_SEARCH_USER_PATHS = NO;
				CLANG_ANALYZER_NONNULL = YES;
				CLANG_ANALYZER_NUMBER_OBJECT_CONVERSION = YES_AGGRESSIVE;
				CLANG_CXX_LANGUAGE_STANDARD = "gnu++14";
				CLANG_CXX_LIBRARY = "libc++";
				CLANG_ENABLE_MODULES = YES;
				CLANG_ENABLE_OBJC_ARC = YES;
				CLANG_ENABLE_OBJC_WEAK = YES;
				CLANG_WARN_BLOCK_CAPTURE_AUTORELEASING = YES;
				CLANG_WARN_BOOL_CONVERSION = YES;
				CLANG_WARN_COMMA = YES;
				CLANG_WARN_CONSTANT_CONVERSION = YES;
				CLANG_WARN_DEPRECATED_OBJC_IMPLEMENTATIONS = YES;
				CLANG_WARN_DIRECT_OBJC_ISA_USAGE = YES_ERROR;
				CLANG_WARN_DOCUMENTATION_COMMENTS = YES;
				CLANG_WARN_EMPTY_BODY = YES;
				CLANG_WARN_ENUM_CONVERSION = YES;
				CLANG_WARN_INFINITE_RECURSION = YES;
				CLANG_WARN_INT_CONVERSION = YES;
				CLANG_WARN_NON_LITERAL_NULL_CONVERSION = YES;
				CLANG_WARN_OBJC_IMPLICIT_RETAIN_SELF = YES;
				CLANG_WARN_OBJC_LITERAL_CONVERSION = YES;
				CLANG_WARN_OBJC_ROOT_CLASS = YES_ERROR;
				CLANG_WARN_RANGE_LOOP_ANALYSIS = YES;
				CLANG_WARN_STRICT_PROTOTYPES = YES;
				CLANG_WARN_SUSPICIOUS_MOVE = YES;
				CLANG_WARN_UNGUARDED_AVAILABILITY = YES_AGGRESSIVE;
				CLANG_WARN_UNREACHABLE_CODE = YES;
				CLANG_WARN__DUPLICATE_METHOD_MATCH = YES;
				CODE_SIGN_IDENTITY = "iPhone Developer";
				COPY_PHASE_STRIP = NO;
				DEBUG_INFORMATION_FORMAT = dwarf;
				ENABLE_STRICT_OBJC_MSGSEND = YES;
				ENABLE_TESTABILITY = YES;
				GCC_C_LANGUAGE_STANDARD = gnu11;
				GCC_DYNAMIC_NO_PIC = NO;
				GCC_NO_COMMON_BLOCKS = YES;
				GCC_OPTIMIZATION_LEVEL = 0;
				GCC_PREPROCESSOR_DEFINITIONS = (
					"DEBUG=1",
					"$(inherited)",
				);
				GCC_WARN_64_TO_32_BIT_CONVERSION = YES;
				GCC_WARN_ABOUT_RETURN_TYPE = YES_ERROR;
				GCC_WARN_UNDECLARED_SELECTOR = YES;
				GCC_WARN_UNINITIALIZED_AUTOS = YES_AGGRESSIVE;
				GCC_WARN_UNUSED_FUNCTION = YES;
				GCC_WARN_UNUSED_VARIABLE = YES;
				IPHONEOS_DEPLOYMENT_TARGET = 12.1;
				MTL_ENABLE_DEBUG_INFO = INCLUDE_SOURCE;
				MTL_FAST_MATH = YES;
				ONLY_ACTIVE_ARCH = YES;
				SDKROOT = iphoneos;
				SWIFT_ACTIVE_COMPILATION_CONDITIONS = DEBUG;
				SWIFT_OPTIMIZATION_LEVEL = "-Onone";
			};
			name = Debug;
		};
		BA5DEB6C24374C9F006A6BB8 /* Release */ = {
			isa = XCBuildConfiguration;
			buildSettings = {
				ALWAYS_SEARCH_USER_PATHS = NO;
				CLANG_ANALYZER_NONNULL = YES;
				CLANG_ANALYZER_NUMBER_OBJECT_CONVERSION = YES_AGGRESSIVE;
				CLANG_CXX_LANGUAGE_STANDARD = "gnu++14";
				CLANG_CXX_LIBRARY = "libc++";
				CLANG_ENABLE_MODULES = YES;
				CLANG_ENABLE_OBJC_ARC = YES;
				CLANG_ENABLE_OBJC_WEAK = YES;
				CLANG_WARN_BLOCK_CAPTURE_AUTORELEASING = YES;
				CLANG_WARN_BOOL_CONVERSION = YES;
				CLANG_WARN_COMMA = YES;
				CLANG_WARN_CONSTANT_CONVERSION = YES;
				CLANG_WARN_DEPRECATED_OBJC_IMPLEMENTATIONS = YES;
				CLANG_WARN_DIRECT_OBJC_ISA_USAGE = YES_ERROR;
				CLANG_WARN_DOCUMENTATION_COMMENTS = YES;
				CLANG_WARN_EMPTY_BODY = YES;
				CLANG_WARN_ENUM_CONVERSION = YES;
				CLANG_WARN_INFINITE_RECURSION = YES;
				CLANG_WARN_INT_CONVERSION = YES;
				CLANG_WARN_NON_LITERAL_NULL_CONVERSION = YES;
				CLANG_WARN_OBJC_IMPLICIT_RETAIN_SELF = YES;
				CLANG_WARN_OBJC_LITERAL_CONVERSION = YES;
				CLANG_WARN_OBJC_ROOT_CLASS = YES_ERROR;
				CLANG_WARN_RANGE_LOOP_ANALYSIS = YES;
				CLANG_WARN_STRICT_PROTOTYPES = YES;
				CLANG_WARN_SUSPICIOUS_MOVE = YES;
				CLANG_WARN_UNGUARDED_AVAILABILITY = YES_AGGRESSIVE;
				CLANG_WARN_UNREACHABLE_CODE = YES;
				CLANG_WARN__DUPLICATE_METHOD_MATCH = YES;
				CODE_SIGN_IDENTITY = "iPhone Developer";
				COPY_PHASE_STRIP = NO;
				DEBUG_INFORMATION_FORMAT = "dwarf-with-dsym";
				ENABLE_NS_ASSERTIONS = NO;
				ENABLE_STRICT_OBJC_MSGSEND = YES;
				GCC_C_LANGUAGE_STANDARD = gnu11;
				GCC_NO_COMMON_BLOCKS = YES;
				GCC_WARN_64_TO_32_BIT_CONVERSION = YES;
				GCC_WARN_ABOUT_RETURN_TYPE = YES_ERROR;
				GCC_WARN_UNDECLARED_SELECTOR = YES;
				GCC_WARN_UNINITIALIZED_AUTOS = YES_AGGRESSIVE;
				GCC_WARN_UNUSED_FUNCTION = YES;
				GCC_WARN_UNUSED_VARIABLE = YES;
				IPHONEOS_DEPLOYMENT_TARGET = 12.1;
				MTL_ENABLE_DEBUG_INFO = NO;
				MTL_FAST_MATH = YES;
				SDKROOT = iphoneos;
				SWIFT_COMPILATION_MODE = wholemodule;
				SWIFT_OPTIMIZATION_LEVEL = "-O";
				VALIDATE_PRODUCT = YES;
			};
			name = Release;
		};
		BA5DEB6E24374C9F006A6BB8 /* Debug */ = {
			isa = XCBuildConfiguration;
			baseConfigurationReference = 3F3A277B319484632BB8E2A3 /* Pods-Ventivader.debug.xcconfig */;
			buildSettings = {
				ASSETCATALOG_COMPILER_APPICON_NAME = AppIcon;
				CODE_SIGN_STYLE = Automatic;
				DEVELOPMENT_TEAM = 93TH93CMJB;
				INFOPLIST_FILE = Ventivader/Info.plist;
				LD_RUNPATH_SEARCH_PATHS = (
					"$(inherited)",
					"@executable_path/Frameworks",
				);
				PRODUCT_BUNDLE_IDENTIFIER = edu.uci.Ventivader;
				PRODUCT_NAME = "$(TARGET_NAME)";
				SWIFT_VERSION = 4.2;
				TARGETED_DEVICE_FAMILY = "1,2";
			};
			name = Debug;
		};
		BA5DEB6F24374C9F006A6BB8 /* Release */ = {
			isa = XCBuildConfiguration;
			baseConfigurationReference = 2A5044DD0588C01F4A3195C6 /* Pods-Ventivader.release.xcconfig */;
			buildSettings = {
				ASSETCATALOG_COMPILER_APPICON_NAME = AppIcon;
				CODE_SIGN_STYLE = Automatic;
				DEVELOPMENT_TEAM = 93TH93CMJB;
				INFOPLIST_FILE = Ventivader/Info.plist;
				LD_RUNPATH_SEARCH_PATHS = (
					"$(inherited)",
					"@executable_path/Frameworks",
				);
				PRODUCT_BUNDLE_IDENTIFIER = edu.uci.Ventivader;
				PRODUCT_NAME = "$(TARGET_NAME)";
				SWIFT_VERSION = 4.2;
				TARGETED_DEVICE_FAMILY = "1,2";
			};
			name = Release;
		};
		BA5DEB7124374C9F006A6BB8 /* Debug */ = {
			isa = XCBuildConfiguration;
			baseConfigurationReference = EE0842B19478DF756AD78A19 /* Pods-VentivaderTests.debug.xcconfig */;
			buildSettings = {
				ALWAYS_EMBED_SWIFT_STANDARD_LIBRARIES = YES;
				BUNDLE_LOADER = "$(TEST_HOST)";
				CODE_SIGN_STYLE = Automatic;
				DEVELOPMENT_TEAM = 93TH93CMJB;
				INFOPLIST_FILE = VentivaderTests/Info.plist;
				LD_RUNPATH_SEARCH_PATHS = (
					"$(inherited)",
					"@executable_path/Frameworks",
					"@loader_path/Frameworks",
				);
				PRODUCT_BUNDLE_IDENTIFIER = edu.uci.VentivaderTests;
				PRODUCT_NAME = "$(TARGET_NAME)";
				SWIFT_VERSION = 4.2;
				TARGETED_DEVICE_FAMILY = "1,2";
				TEST_HOST = "$(BUILT_PRODUCTS_DIR)/Ventivader.app/Ventivader";
			};
			name = Debug;
		};
		BA5DEB7224374C9F006A6BB8 /* Release */ = {
			isa = XCBuildConfiguration;
			baseConfigurationReference = F7B7BCEF53F51C3168841604 /* Pods-VentivaderTests.release.xcconfig */;
			buildSettings = {
				ALWAYS_EMBED_SWIFT_STANDARD_LIBRARIES = YES;
				BUNDLE_LOADER = "$(TEST_HOST)";
				CODE_SIGN_STYLE = Automatic;
				DEVELOPMENT_TEAM = 93TH93CMJB;
				INFOPLIST_FILE = VentivaderTests/Info.plist;
				LD_RUNPATH_SEARCH_PATHS = (
					"$(inherited)",
					"@executable_path/Frameworks",
					"@loader_path/Frameworks",
				);
				PRODUCT_BUNDLE_IDENTIFIER = edu.uci.VentivaderTests;
				PRODUCT_NAME = "$(TARGET_NAME)";
				SWIFT_VERSION = 4.2;
				TARGETED_DEVICE_FAMILY = "1,2";
				TEST_HOST = "$(BUILT_PRODUCTS_DIR)/Ventivader.app/Ventivader";
			};
			name = Release;
		};
/* End XCBuildConfiguration section */

/* Begin XCConfigurationList section */
		BA5DEB4B24374C9C006A6BB8 /* Build configuration list for PBXProject "Ventivader" */ = {
			isa = XCConfigurationList;
			buildConfigurations = (
				BA5DEB6B24374C9F006A6BB8 /* Debug */,
				BA5DEB6C24374C9F006A6BB8 /* Release */,
			);
			defaultConfigurationIsVisible = 0;
			defaultConfigurationName = Release;
		};
		BA5DEB6D24374C9F006A6BB8 /* Build configuration list for PBXNativeTarget "Ventivader" */ = {
			isa = XCConfigurationList;
			buildConfigurations = (
				BA5DEB6E24374C9F006A6BB8 /* Debug */,
				BA5DEB6F24374C9F006A6BB8 /* Release */,
			);
			defaultConfigurationIsVisible = 0;
			defaultConfigurationName = Release;
		};
		BA5DEB7024374C9F006A6BB8 /* Build configuration list for PBXNativeTarget "VentivaderTests" */ = {
			isa = XCConfigurationList;
			buildConfigurations = (
				BA5DEB7124374C9F006A6BB8 /* Debug */,
				BA5DEB7224374C9F006A6BB8 /* Release */,
			);
			defaultConfigurationIsVisible = 0;
			defaultConfigurationName = Release;
		};
/* End XCConfigurationList section */
	};
	rootObject = BA5DEB4824374C9C006A6BB8 /* Project object */;
}
